
Microsoft Visual Studio Solution File, Format Version 12.00
# Visual Studio Version 16
VisualStudioVersion = 25.0.1705.4
MinimumVisualStudioVersion = 10.0.40219.1
Project("{FAE04EC0-301F-11D3-BF4B-00C04F79EFBC}") = "bestmovies-academy.api", "bestmovies-academy.api.csproj", "{B94A494C-FC5F-4A59-A099-40FB78366289}"
EndProject
Global
	GlobalSection(SolutionConfigurationPlatforms) = preSolution
		Debug|Any CPU = Debug|Any CPU
		Release|Any CPU = Release|Any CPU
	EndGlobalSection
	GlobalSection(ProjectConfigurationPlatforms) = postSolution
		{B94A494C-FC5F-4A59-A099-40FB78366289}.Debug|Any CPU.ActiveCfg = Debug|Any CPU
		{B94A494C-FC5F-4A59-A099-40FB78366289}.Debug|Any CPU.Build.0 = Debug|Any CPU
		{B94A494C-FC5F-4A59-A099-40FB78366289}.Release|Any CPU.ActiveCfg = Release|Any CPU
		{B94A494C-FC5F-4A59-A099-40FB78366289}.Release|Any CPU.Build.0 = Release|Any CPU
	EndGlobalSection
	GlobalSection(SolutionProperties) = preSolution
		HideSolutionNode = FALSE
	EndGlobalSection
	GlobalSection(ExtensibilityGlobals) = postSolution
		SolutionGuid = {C9EB8D0B-CE36-4FEA-9452-4303EF94C1F0}
	EndGlobalSection
EndGlobal
